// !$*UTF8*$!
{
	archiveVersion = 1;
	classes = {
	};
	objectVersion = 56;
	objects = {

/* Begin PBXBuildFile section */
		CE5ACA5D3658290D05B3A7DC /* Pods_qr_generator_app.framework in Frameworks */ = {isa = PBXBuildFile; fileRef = 3474967F85F34D18288BA430 /* Pods_qr_generator_app.framework */; };
		E81FD0EB29AE0893003273E3 /* StoreKitTestCertificate.cer in Resources */ = {isa = PBXBuildFile; fileRef = E81FD0EA29AE0893003273E3 /* StoreKitTestCertificate.cer */; };
		E81FD0EF29B0BD1B003273E3 /* PropertyList.plist in Resources */ = {isa = PBXBuildFile; fileRef = E81FD0EE29B0BD1B003273E3 /* PropertyList.plist */; };
		E81FD0F429B0D12E003273E3 /* SettingsViewController.swift in Sources */ = {isa = PBXBuildFile; fileRef = E81FD0F329B0D12E003273E3 /* SettingsViewController.swift */; };
		E81FD12529B1CBE3003273E3 /* WelcomeViewControllerExtension.swift in Sources */ = {isa = PBXBuildFile; fileRef = E81FD11629B1CBE3003273E3 /* WelcomeViewControllerExtension.swift */; };
		E81FD12629B1CBE3003273E3 /* OptionsCell.swift in Sources */ = {isa = PBXBuildFile; fileRef = E81FD11829B1CBE3003273E3 /* OptionsCell.swift */; };
		E81FD12729B1CBE3003273E3 /* HistoryCell.swift in Sources */ = {isa = PBXBuildFile; fileRef = E81FD11929B1CBE3003273E3 /* HistoryCell.swift */; };
		E81FD12829B1CBE3003273E3 /* QRViewControllerExtension.swift in Sources */ = {isa = PBXBuildFile; fileRef = E81FD11A29B1CBE3003273E3 /* QRViewControllerExtension.swift */; };
		E81FD12929B1CBE3003273E3 /* UIColor.swift in Sources */ = {isa = PBXBuildFile; fileRef = E81FD11B29B1CBE3003273E3 /* UIColor.swift */; };
		E81FD12A29B1CBE3003273E3 /* HexagonButton.swift in Sources */ = {isa = PBXBuildFile; fileRef = E81FD11D29B1CBE3003273E3 /* HexagonButton.swift */; };
		E81FD12B29B1CBE3003273E3 /* ImageSaver.swift in Sources */ = {isa = PBXBuildFile; fileRef = E81FD11E29B1CBE3003273E3 /* ImageSaver.swift */; };
		E81FD12C29B1CBE3003273E3 /* StoreKitManager.swift in Sources */ = {isa = PBXBuildFile; fileRef = E81FD11F29B1CBE3003273E3 /* StoreKitManager.swift */; };
		E81FD12D29B1CBE3003273E3 /* QRCode.swift in Sources */ = {isa = PBXBuildFile; fileRef = E81FD12029B1CBE3003273E3 /* QRCode.swift */; };
		E81FD12E29B1CBE3003273E3 /* QRPreviewViewControllerExtension.swift in Sources */ = {isa = PBXBuildFile; fileRef = E81FD12129B1CBE3003273E3 /* QRPreviewViewControllerExtension.swift */; };
		E81FD12F29B1CBE3003273E3 /* QRContentViewControllerExtension.swift in Sources */ = {isa = PBXBuildFile; fileRef = E81FD12229B1CBE3003273E3 /* QRContentViewControllerExtension.swift */; };
		E81FD13029B1CBE3003273E3 /* HistoryVIewControllerExtension.swift in Sources */ = {isa = PBXBuildFile; fileRef = E81FD12329B1CBE3003273E3 /* HistoryVIewControllerExtension.swift */; };
		E81FD13129B1CBE4003273E3 /* ResultViewControllerExtension.swift in Sources */ = {isa = PBXBuildFile; fileRef = E81FD12429B1CBE3003273E3 /* ResultViewControllerExtension.swift */; };
		E8315886299796CA00BA51ED /* QRCode in Frameworks */ = {isa = PBXBuildFile; productRef = E8315885299796CA00BA51ED /* QRCode */; };
		E83158882997B1AC00BA51ED /* DotsCell.swift in Sources */ = {isa = PBXBuildFile; fileRef = E83158872997B1AC00BA51ED /* DotsCell.swift */; };
		E831588A299811D900BA51ED /* EyesCell.swift in Sources */ = {isa = PBXBuildFile; fileRef = E8315889299811D900BA51ED /* EyesCell.swift */; };
		E831588C29981ED900BA51ED /* FontColorCell.swift in Sources */ = {isa = PBXBuildFile; fileRef = E831588B29981ED900BA51ED /* FontColorCell.swift */; };
		E831588E29981EE300BA51ED /* FontCell.swift in Sources */ = {isa = PBXBuildFile; fileRef = E831588D29981EE300BA51ED /* FontCell.swift */; };
		E8858CA72994F46B00E30828 /* AppDelegate.swift in Sources */ = {isa = PBXBuildFile; fileRef = E8858CA62994F46B00E30828 /* AppDelegate.swift */; };
		E8858CA92994F46B00E30828 /* SceneDelegate.swift in Sources */ = {isa = PBXBuildFile; fileRef = E8858CA82994F46B00E30828 /* SceneDelegate.swift */; };
		E8858CB02994F46D00E30828 /* Assets.xcassets in Resources */ = {isa = PBXBuildFile; fileRef = E8858CAF2994F46D00E30828 /* Assets.xcassets */; };
		E8858CB32994F46D00E30828 /* LaunchScreen.storyboard in Resources */ = {isa = PBXBuildFile; fileRef = E8858CB12994F46D00E30828 /* LaunchScreen.storyboard */; };
		E8858CBE2994F5F500E30828 /* WelcomeViewController.swift in Sources */ = {isa = PBXBuildFile; fileRef = E8858CBD2994F5F500E30828 /* WelcomeViewController.swift */; };
		E8858CC02994F60D00E30828 /* QRViewController.swift in Sources */ = {isa = PBXBuildFile; fileRef = E8858CBF2994F60D00E30828 /* QRViewController.swift */; };
		E8858CC22994F61D00E30828 /* QRContentViewController.swift in Sources */ = {isa = PBXBuildFile; fileRef = E8858CC12994F61D00E30828 /* QRContentViewController.swift */; };
		E8858CC82994F69A00E30828 /* ColorViewController.swift in Sources */ = {isa = PBXBuildFile; fileRef = E8858CC72994F69A00E30828 /* ColorViewController.swift */; };
		E8858CCA2994F6A300E30828 /* DotsViewController.swift in Sources */ = {isa = PBXBuildFile; fileRef = E8858CC92994F6A300E30828 /* DotsViewController.swift */; };
		E8858CCC2994F6AC00E30828 /* EyesViewController.swift in Sources */ = {isa = PBXBuildFile; fileRef = E8858CCB2994F6AC00E30828 /* EyesViewController.swift */; };
		E8858CCE2994F6BB00E30828 /* LogoViewController.swift in Sources */ = {isa = PBXBuildFile; fileRef = E8858CCD2994F6BB00E30828 /* LogoViewController.swift */; };
		E8858CD22994F6CC00E30828 /* TextViewController.swift in Sources */ = {isa = PBXBuildFile; fileRef = E8858CD12994F6CC00E30828 /* TextViewController.swift */; };
		E8858CD42994F80700E30828 /* ColorCell.swift in Sources */ = {isa = PBXBuildFile; fileRef = E8858CD32994F80700E30828 /* ColorCell.swift */; };
		E8C1715429A298ED00183AB9 /* PresentationController.swift in Sources */ = {isa = PBXBuildFile; fileRef = E8C1715329A298ED00183AB9 /* PresentationController.swift */; };
		E8C1715629A2B1C500183AB9 /* ImagePickerManager.swift in Sources */ = {isa = PBXBuildFile; fileRef = E8C1715529A2B1C500183AB9 /* ImagePickerManager.swift */; };
		E8C1715829A2B6B100183AB9 /* ResultViewController.swift in Sources */ = {isa = PBXBuildFile; fileRef = E8C1715729A2B6B100183AB9 /* ResultViewController.swift */; };
		E8C1715B29A2B82500183AB9 /* UIView.swift in Sources */ = {isa = PBXBuildFile; fileRef = E8C1715A29A2B82500183AB9 /* UIView.swift */; };
		E8C1716229A3A1FE00183AB9 /* HistoryViewController.swift in Sources */ = {isa = PBXBuildFile; fileRef = E8C1716129A3A1FE00183AB9 /* HistoryViewController.swift */; };
		E8C1716829A3DC7A00183AB9 /* UIImage.swift in Sources */ = {isa = PBXBuildFile; fileRef = E8C1716729A3DC7A00183AB9 /* UIImage.swift */; };
		E8C1716E29A4072300183AB9 /* QRPreviewViewController.swift in Sources */ = {isa = PBXBuildFile; fileRef = E8C1716D29A4072300183AB9 /* QRPreviewViewController.swift */; };
		E8C1717229A4D0F600183AB9 /* LinearGradient.swift in Sources */ = {isa = PBXBuildFile; fileRef = E8C1717129A4D0F600183AB9 /* LinearGradient.swift */; };
		E8C1717429A67E6D00183AB9 /* StoreKit.framework in Frameworks */ = {isa = PBXBuildFile; fileRef = E8C1717329A67E6D00183AB9 /* StoreKit.framework */; };
		E8EA9469299BA08300CB36D9 /* QRCodeColor.swift in Sources */ = {isa = PBXBuildFile; fileRef = E8EA9468299BA08300CB36D9 /* QRCodeColor.swift */; };
		E8EA946B299BA08B00CB36D9 /* QRCodeDots.swift in Sources */ = {isa = PBXBuildFile; fileRef = E8EA946A299BA08B00CB36D9 /* QRCodeDots.swift */; };
		E8EA946D299BA09200CB36D9 /* QRCodeEyes.swift in Sources */ = {isa = PBXBuildFile; fileRef = E8EA946C299BA09200CB36D9 /* QRCodeEyes.swift */; };
		E8EA946F299BA09800CB36D9 /* QRCodeText.swift in Sources */ = {isa = PBXBuildFile; fileRef = E8EA946E299BA09800CB36D9 /* QRCodeText.swift */; };
		E8EA9471299BF71300CB36D9 /* RealmData.swift in Sources */ = {isa = PBXBuildFile; fileRef = E8EA9470299BF71300CB36D9 /* RealmData.swift */; };
		E8EA9473299C0C9F00CB36D9 /* ColorViewControllerExtension.swift in Sources */ = {isa = PBXBuildFile; fileRef = E8EA9472299C0C9F00CB36D9 /* ColorViewControllerExtension.swift */; };
		E8EA9475299C0D0400CB36D9 /* DotsViewControllerExtension.swift in Sources */ = {isa = PBXBuildFile; fileRef = E8EA9474299C0D0400CB36D9 /* DotsViewControllerExtension.swift */; };
		E8EA9477299C0D3400CB36D9 /* EyesViewControllerExtension.swift in Sources */ = {isa = PBXBuildFile; fileRef = E8EA9476299C0D3400CB36D9 /* EyesViewControllerExtension.swift */; };
		E8EA9479299C0D6100CB36D9 /* LogoViewControllerExtension.swift in Sources */ = {isa = PBXBuildFile; fileRef = E8EA9478299C0D6100CB36D9 /* LogoViewControllerExtension.swift */; };
		E8EA947D299C0D9500CB36D9 /* TextViewControllerExtension.swift in Sources */ = {isa = PBXBuildFile; fileRef = E8EA947C299C0D9500CB36D9 /* TextViewControllerExtension.swift */; };
		E8EA9484299CE28700CB36D9 /* QRCodeLogo.swift in Sources */ = {isa = PBXBuildFile; fileRef = E8EA9483299CE28700CB36D9 /* QRCodeLogo.swift */; };
/* End PBXBuildFile section */

/* Begin PBXFileReference section */
		3474967F85F34D18288BA430 /* Pods_qr_generator_app.framework */ = {isa = PBXFileReference; explicitFileType = wrapper.framework; includeInIndex = 0; path = Pods_qr_generator_app.framework; sourceTree = BUILT_PRODUCTS_DIR; };
		67D5F8BD0EBCA818791FD941 /* Pods-qr-generator-app.debug.xcconfig */ = {isa = PBXFileReference; includeInIndex = 1; lastKnownFileType = text.xcconfig; name = "Pods-qr-generator-app.debug.xcconfig"; path = "Target Support Files/Pods-qr-generator-app/Pods-qr-generator-app.debug.xcconfig"; sourceTree = "<group>"; };
		DA5A3DF0FA9FCD627FA6A741 /* Pods-qr-generator-app.release.xcconfig */ = {isa = PBXFileReference; includeInIndex = 1; lastKnownFileType = text.xcconfig; name = "Pods-qr-generator-app.release.xcconfig"; path = "Target Support Files/Pods-qr-generator-app/Pods-qr-generator-app.release.xcconfig"; sourceTree = "<group>"; };
		E81FD0E929AE081D003273E3 /* Config.storekit */ = {isa = PBXFileReference; lastKnownFileType = text; path = Config.storekit; sourceTree = "<group>"; };
		E81FD0EA29AE0893003273E3 /* StoreKitTestCertificate.cer */ = {isa = PBXFileReference; lastKnownFileType = file; path = StoreKitTestCertificate.cer; sourceTree = "<group>"; };
		E81FD0EE29B0BD1B003273E3 /* PropertyList.plist */ = {isa = PBXFileReference; lastKnownFileType = text.plist.xml; path = PropertyList.plist; sourceTree = "<group>"; };
		E81FD0F329B0D12E003273E3 /* SettingsViewController.swift */ = {isa = PBXFileReference; lastKnownFileType = sourcecode.swift; path = SettingsViewController.swift; sourceTree = "<group>"; };
		E81FD11629B1CBE3003273E3 /* WelcomeViewControllerExtension.swift */ = {isa = PBXFileReference; fileEncoding = 4; lastKnownFileType = sourcecode.swift; path = WelcomeViewControllerExtension.swift; sourceTree = "<group>"; };
		E81FD11829B1CBE3003273E3 /* OptionsCell.swift */ = {isa = PBXFileReference; fileEncoding = 4; lastKnownFileType = sourcecode.swift; path = OptionsCell.swift; sourceTree = "<group>"; };
		E81FD11929B1CBE3003273E3 /* HistoryCell.swift */ = {isa = PBXFileReference; fileEncoding = 4; lastKnownFileType = sourcecode.swift; path = HistoryCell.swift; sourceTree = "<group>"; };
		E81FD11A29B1CBE3003273E3 /* QRViewControllerExtension.swift */ = {isa = PBXFileReference; fileEncoding = 4; lastKnownFileType = sourcecode.swift; path = QRViewControllerExtension.swift; sourceTree = "<group>"; };
		E81FD11B29B1CBE3003273E3 /* UIColor.swift */ = {isa = PBXFileReference; fileEncoding = 4; lastKnownFileType = sourcecode.swift; path = UIColor.swift; sourceTree = "<group>"; };
		E81FD11D29B1CBE3003273E3 /* HexagonButton.swift */ = {isa = PBXFileReference; fileEncoding = 4; lastKnownFileType = sourcecode.swift; path = HexagonButton.swift; sourceTree = "<group>"; };
		E81FD11E29B1CBE3003273E3 /* ImageSaver.swift */ = {isa = PBXFileReference; fileEncoding = 4; lastKnownFileType = sourcecode.swift; path = ImageSaver.swift; sourceTree = "<group>"; };
		E81FD11F29B1CBE3003273E3 /* StoreKitManager.swift */ = {isa = PBXFileReference; fileEncoding = 4; lastKnownFileType = sourcecode.swift; path = StoreKitManager.swift; sourceTree = "<group>"; };
		E81FD12029B1CBE3003273E3 /* QRCode.swift */ = {isa = PBXFileReference; fileEncoding = 4; lastKnownFileType = sourcecode.swift; path = QRCode.swift; sourceTree = "<group>"; };
		E81FD12129B1CBE3003273E3 /* QRPreviewViewControllerExtension.swift */ = {isa = PBXFileReference; fileEncoding = 4; lastKnownFileType = sourcecode.swift; path = QRPreviewViewControllerExtension.swift; sourceTree = "<group>"; };
		E81FD12229B1CBE3003273E3 /* QRContentViewControllerExtension.swift */ = {isa = PBXFileReference; fileEncoding = 4; lastKnownFileType = sourcecode.swift; path = QRContentViewControllerExtension.swift; sourceTree = "<group>"; };
		E81FD12329B1CBE3003273E3 /* HistoryVIewControllerExtension.swift */ = {isa = PBXFileReference; fileEncoding = 4; lastKnownFileType = sourcecode.swift; path = HistoryVIewControllerExtension.swift; sourceTree = "<group>"; };
		E81FD12429B1CBE3003273E3 /* ResultViewControllerExtension.swift */ = {isa = PBXFileReference; fileEncoding = 4; lastKnownFileType = sourcecode.swift; path = ResultViewControllerExtension.swift; sourceTree = "<group>"; };
		E83158872997B1AC00BA51ED /* DotsCell.swift */ = {isa = PBXFileReference; lastKnownFileType = sourcecode.swift; path = DotsCell.swift; sourceTree = "<group>"; };
		E8315889299811D900BA51ED /* EyesCell.swift */ = {isa = PBXFileReference; lastKnownFileType = sourcecode.swift; path = EyesCell.swift; sourceTree = "<group>"; };
		E831588B29981ED900BA51ED /* FontColorCell.swift */ = {isa = PBXFileReference; lastKnownFileType = sourcecode.swift; path = FontColorCell.swift; sourceTree = "<group>"; };
		E831588D29981EE300BA51ED /* FontCell.swift */ = {isa = PBXFileReference; lastKnownFileType = sourcecode.swift; path = FontCell.swift; sourceTree = "<group>"; };
		E8858CA32994F46B00E30828 /* qr-generator-app.app */ = {isa = PBXFileReference; explicitFileType = wrapper.application; includeInIndex = 0; path = "qr-generator-app.app"; sourceTree = BUILT_PRODUCTS_DIR; };
		E8858CA62994F46B00E30828 /* AppDelegate.swift */ = {isa = PBXFileReference; lastKnownFileType = sourcecode.swift; path = AppDelegate.swift; sourceTree = "<group>"; };
		E8858CA82994F46B00E30828 /* SceneDelegate.swift */ = {isa = PBXFileReference; lastKnownFileType = sourcecode.swift; path = SceneDelegate.swift; sourceTree = "<group>"; };
		E8858CAF2994F46D00E30828 /* Assets.xcassets */ = {isa = PBXFileReference; lastKnownFileType = folder.assetcatalog; path = Assets.xcassets; sourceTree = "<group>"; };
		E8858CB22994F46D00E30828 /* Base */ = {isa = PBXFileReference; lastKnownFileType = file.storyboard; name = Base; path = Base.lproj/LaunchScreen.storyboard; sourceTree = "<group>"; };
		E8858CB42994F46D00E30828 /* Info.plist */ = {isa = PBXFileReference; lastKnownFileType = text.plist.xml; path = Info.plist; sourceTree = "<group>"; };
		E8858CBD2994F5F500E30828 /* WelcomeViewController.swift */ = {isa = PBXFileReference; lastKnownFileType = sourcecode.swift; path = WelcomeViewController.swift; sourceTree = "<group>"; };
		E8858CBF2994F60D00E30828 /* QRViewController.swift */ = {isa = PBXFileReference; lastKnownFileType = sourcecode.swift; path = QRViewController.swift; sourceTree = "<group>"; };
		E8858CC12994F61D00E30828 /* QRContentViewController.swift */ = {isa = PBXFileReference; lastKnownFileType = sourcecode.swift; path = QRContentViewController.swift; sourceTree = "<group>"; };
		E8858CC72994F69A00E30828 /* ColorViewController.swift */ = {isa = PBXFileReference; lastKnownFileType = sourcecode.swift; path = ColorViewController.swift; sourceTree = "<group>"; };
		E8858CC92994F6A300E30828 /* DotsViewController.swift */ = {isa = PBXFileReference; lastKnownFileType = sourcecode.swift; path = DotsViewController.swift; sourceTree = "<group>"; };
		E8858CCB2994F6AC00E30828 /* EyesViewController.swift */ = {isa = PBXFileReference; lastKnownFileType = sourcecode.swift; path = EyesViewController.swift; sourceTree = "<group>"; };
		E8858CCD2994F6BB00E30828 /* LogoViewController.swift */ = {isa = PBXFileReference; lastKnownFileType = sourcecode.swift; path = LogoViewController.swift; sourceTree = "<group>"; };
		E8858CD12994F6CC00E30828 /* TextViewController.swift */ = {isa = PBXFileReference; lastKnownFileType = sourcecode.swift; path = TextViewController.swift; sourceTree = "<group>"; };
		E8858CD32994F80700E30828 /* ColorCell.swift */ = {isa = PBXFileReference; lastKnownFileType = sourcecode.swift; path = ColorCell.swift; sourceTree = "<group>"; };
		E8C1715329A298ED00183AB9 /* PresentationController.swift */ = {isa = PBXFileReference; lastKnownFileType = sourcecode.swift; path = PresentationController.swift; sourceTree = "<group>"; };
		E8C1715529A2B1C500183AB9 /* ImagePickerManager.swift */ = {isa = PBXFileReference; lastKnownFileType = sourcecode.swift; path = ImagePickerManager.swift; sourceTree = "<group>"; };
		E8C1715729A2B6B100183AB9 /* ResultViewController.swift */ = {isa = PBXFileReference; lastKnownFileType = sourcecode.swift; path = ResultViewController.swift; sourceTree = "<group>"; };
		E8C1715A29A2B82500183AB9 /* UIView.swift */ = {isa = PBXFileReference; lastKnownFileType = sourcecode.swift; path = UIView.swift; sourceTree = "<group>"; };
		E8C1716129A3A1FE00183AB9 /* HistoryViewController.swift */ = {isa = PBXFileReference; lastKnownFileType = sourcecode.swift; path = HistoryViewController.swift; sourceTree = "<group>"; };
		E8C1716729A3DC7A00183AB9 /* UIImage.swift */ = {isa = PBXFileReference; lastKnownFileType = sourcecode.swift; path = UIImage.swift; sourceTree = "<group>"; };
		E8C1716D29A4072300183AB9 /* QRPreviewViewController.swift */ = {isa = PBXFileReference; lastKnownFileType = sourcecode.swift; path = QRPreviewViewController.swift; sourceTree = "<group>"; };
		E8C1717129A4D0F600183AB9 /* LinearGradient.swift */ = {isa = PBXFileReference; lastKnownFileType = sourcecode.swift; path = LinearGradient.swift; sourceTree = "<group>"; };
		E8C1717329A67E6D00183AB9 /* StoreKit.framework */ = {isa = PBXFileReference; lastKnownFileType = wrapper.framework; name = StoreKit.framework; path = System/Library/Frameworks/StoreKit.framework; sourceTree = SDKROOT; };
		E8EA9468299BA08300CB36D9 /* QRCodeColor.swift */ = {isa = PBXFileReference; lastKnownFileType = sourcecode.swift; path = QRCodeColor.swift; sourceTree = "<group>"; };
		E8EA946A299BA08B00CB36D9 /* QRCodeDots.swift */ = {isa = PBXFileReference; lastKnownFileType = sourcecode.swift; path = QRCodeDots.swift; sourceTree = "<group>"; };
		E8EA946C299BA09200CB36D9 /* QRCodeEyes.swift */ = {isa = PBXFileReference; lastKnownFileType = sourcecode.swift; path = QRCodeEyes.swift; sourceTree = "<group>"; };
		E8EA946E299BA09800CB36D9 /* QRCodeText.swift */ = {isa = PBXFileReference; lastKnownFileType = sourcecode.swift; path = QRCodeText.swift; sourceTree = "<group>"; };
		E8EA9470299BF71300CB36D9 /* RealmData.swift */ = {isa = PBXFileReference; lastKnownFileType = sourcecode.swift; path = RealmData.swift; sourceTree = "<group>"; };
		E8EA9472299C0C9F00CB36D9 /* ColorViewControllerExtension.swift */ = {isa = PBXFileReference; lastKnownFileType = sourcecode.swift; path = ColorViewControllerExtension.swift; sourceTree = "<group>"; };
		E8EA9474299C0D0400CB36D9 /* DotsViewControllerExtension.swift */ = {isa = PBXFileReference; lastKnownFileType = sourcecode.swift; path = DotsViewControllerExtension.swift; sourceTree = "<group>"; };
		E8EA9476299C0D3400CB36D9 /* EyesViewControllerExtension.swift */ = {isa = PBXFileReference; lastKnownFileType = sourcecode.swift; path = EyesViewControllerExtension.swift; sourceTree = "<group>"; };
		E8EA9478299C0D6100CB36D9 /* LogoViewControllerExtension.swift */ = {isa = PBXFileReference; lastKnownFileType = sourcecode.swift; path = LogoViewControllerExtension.swift; sourceTree = "<group>"; };
		E8EA947C299C0D9500CB36D9 /* TextViewControllerExtension.swift */ = {isa = PBXFileReference; lastKnownFileType = sourcecode.swift; path = TextViewControllerExtension.swift; sourceTree = "<group>"; };
		E8EA9483299CE28700CB36D9 /* QRCodeLogo.swift */ = {isa = PBXFileReference; lastKnownFileType = sourcecode.swift; path = QRCodeLogo.swift; sourceTree = "<group>"; };
/* End PBXFileReference section */

/* Begin PBXFrameworksBuildPhase section */
		E8858CA02994F46B00E30828 /* Frameworks */ = {
			isa = PBXFrameworksBuildPhase;
			buildActionMask = 2147483647;
			files = (
				E8C1717429A67E6D00183AB9 /* StoreKit.framework in Frameworks */,
				E8315886299796CA00BA51ED /* QRCode in Frameworks */,
				CE5ACA5D3658290D05B3A7DC /* Pods_qr_generator_app.framework in Frameworks */,
			);
			runOnlyForDeploymentPostprocessing = 0;
		};
/* End PBXFrameworksBuildPhase section */

/* Begin PBXGroup section */
		C551C01555FE11787D023562 /* Frameworks */ = {
			isa = PBXGroup;
			children = (
				E8C1717329A67E6D00183AB9 /* StoreKit.framework */,
				3474967F85F34D18288BA430 /* Pods_qr_generator_app.framework */,
			);
			name = Frameworks;
			sourceTree = "<group>";
		};
		C7EA25CCCA1C73A46277B691 /* Pods */ = {
			isa = PBXGroup;
			children = (
				67D5F8BD0EBCA818791FD941 /* Pods-qr-generator-app.debug.xcconfig */,
				DA5A3DF0FA9FCD627FA6A741 /* Pods-qr-generator-app.release.xcconfig */,
			);
			path = Pods;
			sourceTree = "<group>";
		};
		E81FD11529B1CBE3003273E3 /* Extensions */ = {
			isa = PBXGroup;
			children = (
				E81FD11C29B1CBE3003273E3 /* Models */,
				E81FD11729B1CBE3003273E3 /* Cells */,
				E81FD11629B1CBE3003273E3 /* WelcomeViewControllerExtension.swift */,
				E81FD11A29B1CBE3003273E3 /* QRViewControllerExtension.swift */,
				E81FD11B29B1CBE3003273E3 /* UIColor.swift */,
				E81FD12129B1CBE3003273E3 /* QRPreviewViewControllerExtension.swift */,
				E81FD12229B1CBE3003273E3 /* QRContentViewControllerExtension.swift */,
				E81FD12329B1CBE3003273E3 /* HistoryVIewControllerExtension.swift */,
				E81FD12429B1CBE3003273E3 /* ResultViewControllerExtension.swift */,
			);
			path = Extensions;
			sourceTree = "<group>";
		};
		E81FD11729B1CBE3003273E3 /* Cells */ = {
			isa = PBXGroup;
			children = (
				E81FD11829B1CBE3003273E3 /* OptionsCell.swift */,
				E81FD11929B1CBE3003273E3 /* HistoryCell.swift */,
			);
			path = Cells;
			sourceTree = "<group>";
		};
		E81FD11C29B1CBE3003273E3 /* Models */ = {
			isa = PBXGroup;
			children = (
				E81FD11D29B1CBE3003273E3 /* HexagonButton.swift */,
				E81FD11E29B1CBE3003273E3 /* ImageSaver.swift */,
				E81FD11F29B1CBE3003273E3 /* StoreKitManager.swift */,
				E81FD12029B1CBE3003273E3 /* QRCode.swift */,
			);
			path = Models;
			sourceTree = "<group>";
		};
		E831588F299B969B00BA51ED /* Models */ = {
			isa = PBXGroup;
			children = (
				E8EA9468299BA08300CB36D9 /* QRCodeColor.swift */,
				E8EA946A299BA08B00CB36D9 /* QRCodeDots.swift */,
				E8EA946C299BA09200CB36D9 /* QRCodeEyes.swift */,
				E8EA946E299BA09800CB36D9 /* QRCodeText.swift */,
				E8EA9470299BF71300CB36D9 /* RealmData.swift */,
				E8EA9483299CE28700CB36D9 /* QRCodeLogo.swift */,
				E8C1715329A298ED00183AB9 /* PresentationController.swift */,
				E8C1715529A2B1C500183AB9 /* ImagePickerManager.swift */,
			);
			path = Models;
			sourceTree = "<group>";
		};
		E8858C9A2994F46B00E30828 = {
			isa = PBXGroup;
			children = (
				E8858CA52994F46B00E30828 /* qr-generator-app */,
				E8858CA42994F46B00E30828 /* Products */,
				C7EA25CCCA1C73A46277B691 /* Pods */,
				C551C01555FE11787D023562 /* Frameworks */,
			);
			sourceTree = "<group>";
		};
		E8858CA42994F46B00E30828 /* Products */ = {
			isa = PBXGroup;
			children = (
				E8858CA32994F46B00E30828 /* qr-generator-app.app */,
			);
			name = Products;
			sourceTree = "<group>";
		};
		E8858CA52994F46B00E30828 /* qr-generator-app */ = {
			isa = PBXGroup;
			children = (
				E81FD11529B1CBE3003273E3 /* Extensions */,
				E81FD0EE29B0BD1B003273E3 /* PropertyList.plist */,
				E8858CC12994F61D00E30828 /* QRContentViewController.swift */,
				E81FD0F329B0D12E003273E3 /* SettingsViewController.swift */,
				E8858CBD2994F5F500E30828 /* WelcomeViewController.swift */,
				E8858CBF2994F60D00E30828 /* QRViewController.swift */,
				E8C1715729A2B6B100183AB9 /* ResultViewController.swift */,
				E8C1716129A3A1FE00183AB9 /* HistoryViewController.swift */,
				E8C1716D29A4072300183AB9 /* QRPreviewViewController.swift */,
				E8858CBB2994F4C100E30828 /* Resources */,
				E8858CBA2994F49B00E30828 /* Application */,
				E81FD0E929AE081D003273E3 /* Config.storekit */,
				E8858CBC2994F5D500E30828 /* QRCustomization */,
				E81FD0EA29AE0893003273E3 /* StoreKitTestCertificate.cer */,
			);
			path = "qr-generator-app";
			sourceTree = "<group>";
		};
		E8858CBA2994F49B00E30828 /* Application */ = {
			isa = PBXGroup;
			children = (
				E8858CA62994F46B00E30828 /* AppDelegate.swift */,
				E8858CA82994F46B00E30828 /* SceneDelegate.swift */,
			);
			path = Application;
			sourceTree = "<group>";
		};
		E8858CBB2994F4C100E30828 /* Resources */ = {
			isa = PBXGroup;
			children = (
				E8858CAF2994F46D00E30828 /* Assets.xcassets */,
				E8858CB12994F46D00E30828 /* LaunchScreen.storyboard */,
				E8858CB42994F46D00E30828 /* Info.plist */,
			);
			path = Resources;
			sourceTree = "<group>";
		};
		E8858CBC2994F5D500E30828 /* QRCustomization */ = {
			isa = PBXGroup;
			children = (
				E8EA9465299B983F00CB36D9 /* Extensions */,
				E8858CC72994F69A00E30828 /* ColorViewController.swift */,
				E8858CC92994F6A300E30828 /* DotsViewController.swift */,
				E8858CCB2994F6AC00E30828 /* EyesViewController.swift */,
				E8858CCD2994F6BB00E30828 /* LogoViewController.swift */,
				E8858CD12994F6CC00E30828 /* TextViewController.swift */,
				E831588F299B969B00BA51ED /* Models */,
				E8858CC52994F67800E30828 /* Cells */,
			);
			path = QRCustomization;
			sourceTree = "<group>";
		};
		E8858CC52994F67800E30828 /* Cells */ = {
			isa = PBXGroup;
			children = (
				E8858CD32994F80700E30828 /* ColorCell.swift */,
				E83158872997B1AC00BA51ED /* DotsCell.swift */,
				E8315889299811D900BA51ED /* EyesCell.swift */,
				E831588B29981ED900BA51ED /* FontColorCell.swift */,
				E831588D29981EE300BA51ED /* FontCell.swift */,
				E8C1717129A4D0F600183AB9 /* LinearGradient.swift */,
			);
			path = Cells;
			sourceTree = "<group>";
		};
		E8EA9465299B983F00CB36D9 /* Extensions */ = {
			isa = PBXGroup;
			children = (
				E8EA9472299C0C9F00CB36D9 /* ColorViewControllerExtension.swift */,
				E8EA9474299C0D0400CB36D9 /* DotsViewControllerExtension.swift */,
				E8EA9476299C0D3400CB36D9 /* EyesViewControllerExtension.swift */,
				E8EA9478299C0D6100CB36D9 /* LogoViewControllerExtension.swift */,
				E8EA947C299C0D9500CB36D9 /* TextViewControllerExtension.swift */,
				E8C1715A29A2B82500183AB9 /* UIView.swift */,
				E8C1716729A3DC7A00183AB9 /* UIImage.swift */,
			);
			path = Extensions;
			sourceTree = "<group>";
		};
/* End PBXGroup section */

/* Begin PBXNativeTarget section */
		E8858CA22994F46B00E30828 /* qr-generator-app */ = {
			isa = PBXNativeTarget;
			buildConfigurationList = E8858CB72994F46D00E30828 /* Build configuration list for PBXNativeTarget "qr-generator-app" */;
			buildPhases = (
				F8CE121DC6625BBD44F20C5C /* [CP] Check Pods Manifest.lock */,
				E8858C9F2994F46B00E30828 /* Sources */,
				E8858CA02994F46B00E30828 /* Frameworks */,
				E8858CA12994F46B00E30828 /* Resources */,
				B353017466DBA0F73B409C2E /* [CP] Embed Pods Frameworks */,
			);
			buildRules = (
			);
			dependencies = (
			);
			name = "qr-generator-app";
			packageProductDependencies = (
				E8315885299796CA00BA51ED /* QRCode */,
			);
			productName = "qr-generator-app";
			productReference = E8858CA32994F46B00E30828 /* qr-generator-app.app */;
			productType = "com.apple.product-type.application";
		};
/* End PBXNativeTarget section */

/* Begin PBXProject section */
		E8858C9B2994F46B00E30828 /* Project object */ = {
			isa = PBXProject;
			attributes = {
				BuildIndependentTargetsInParallel = 1;
				LastSwiftUpdateCheck = 1420;
				LastUpgradeCheck = 1420;
				TargetAttributes = {
					E8858CA22994F46B00E30828 = {
						CreatedOnToolsVersion = 14.2;
					};
				};
			};
			buildConfigurationList = E8858C9E2994F46B00E30828 /* Build configuration list for PBXProject "qr-generator-app" */;
			compatibilityVersion = "Xcode 14.0";
			developmentRegion = en;
			hasScannedForEncodings = 0;
			knownRegions = (
				en,
				Base,
			);
			mainGroup = E8858C9A2994F46B00E30828;
			packageReferences = (
				E8315884299796CA00BA51ED /* XCRemoteSwiftPackageReference "QRCode" */,
			);
			productRefGroup = E8858CA42994F46B00E30828 /* Products */;
			projectDirPath = "";
			projectRoot = "";
			targets = (
				E8858CA22994F46B00E30828 /* qr-generator-app */,
			);
		};
/* End PBXProject section */

/* Begin PBXResourcesBuildPhase section */
		E8858CA12994F46B00E30828 /* Resources */ = {
			isa = PBXResourcesBuildPhase;
			buildActionMask = 2147483647;
			files = (
				E8858CB32994F46D00E30828 /* LaunchScreen.storyboard in Resources */,
				E81FD0EF29B0BD1B003273E3 /* PropertyList.plist in Resources */,
				E8858CB02994F46D00E30828 /* Assets.xcassets in Resources */,
				E81FD0EB29AE0893003273E3 /* StoreKitTestCertificate.cer in Resources */,
			);
			runOnlyForDeploymentPostprocessing = 0;
		};
/* End PBXResourcesBuildPhase section */

/* Begin PBXShellScriptBuildPhase section */
		B353017466DBA0F73B409C2E /* [CP] Embed Pods Frameworks */ = {
			isa = PBXShellScriptBuildPhase;
			buildActionMask = 2147483647;
			files = (
			);
			inputFileListPaths = (
				"${PODS_ROOT}/Target Support Files/Pods-qr-generator-app/Pods-qr-generator-app-frameworks-${CONFIGURATION}-input-files.xcfilelist",
			);
			name = "[CP] Embed Pods Frameworks";
			outputFileListPaths = (
				"${PODS_ROOT}/Target Support Files/Pods-qr-generator-app/Pods-qr-generator-app-frameworks-${CONFIGURATION}-output-files.xcfilelist",
			);
			runOnlyForDeploymentPostprocessing = 0;
			shellPath = /bin/sh;
			shellScript = "\"${PODS_ROOT}/Target Support Files/Pods-qr-generator-app/Pods-qr-generator-app-frameworks.sh\"\n";
			showEnvVarsInLog = 0;
		};
		F8CE121DC6625BBD44F20C5C /* [CP] Check Pods Manifest.lock */ = {
			isa = PBXShellScriptBuildPhase;
			buildActionMask = 2147483647;
			files = (
			);
			inputFileListPaths = (
			);
			inputPaths = (
				"${PODS_PODFILE_DIR_PATH}/Podfile.lock",
				"${PODS_ROOT}/Manifest.lock",
			);
			name = "[CP] Check Pods Manifest.lock";
			outputFileListPaths = (
			);
			outputPaths = (
				"$(DERIVED_FILE_DIR)/Pods-qr-generator-app-checkManifestLockResult.txt",
			);
			runOnlyForDeploymentPostprocessing = 0;
			shellPath = /bin/sh;
			shellScript = "diff \"${PODS_PODFILE_DIR_PATH}/Podfile.lock\" \"${PODS_ROOT}/Manifest.lock\" > /dev/null\nif [ $? != 0 ] ; then\n    # print error to STDERR\n    echo \"error: The sandbox is not in sync with the Podfile.lock. Run 'pod install' or update your CocoaPods installation.\" >&2\n    exit 1\nfi\n# This output is used by Xcode 'outputs' to avoid re-running this script phase.\necho \"SUCCESS\" > \"${SCRIPT_OUTPUT_FILE_0}\"\n";
			showEnvVarsInLog = 0;
		};
/* End PBXShellScriptBuildPhase section */

/* Begin PBXSourcesBuildPhase section */
		E8858C9F2994F46B00E30828 /* Sources */ = {
			isa = PBXSourcesBuildPhase;
			buildActionMask = 2147483647;
			files = (
				E8858CC22994F61D00E30828 /* QRContentViewController.swift in Sources */,
				E81FD13129B1CBE4003273E3 /* ResultViewControllerExtension.swift in Sources */,
				E81FD12629B1CBE3003273E3 /* OptionsCell.swift in Sources */,
				E8858CBE2994F5F500E30828 /* WelcomeViewController.swift in Sources */,
				E8EA9479299C0D6100CB36D9 /* LogoViewControllerExtension.swift in Sources */,
				E81FD12529B1CBE3003273E3 /* WelcomeViewControllerExtension.swift in Sources */,
				E81FD12D29B1CBE3003273E3 /* QRCode.swift in Sources */,
				E8858CA72994F46B00E30828 /* AppDelegate.swift in Sources */,
				E8C1715B29A2B82500183AB9 /* UIView.swift in Sources */,
				E81FD12C29B1CBE3003273E3 /* StoreKitManager.swift in Sources */,
				E8C1715429A298ED00183AB9 /* PresentationController.swift in Sources */,
				E8EA946B299BA08B00CB36D9 /* QRCodeDots.swift in Sources */,
				E8EA9475299C0D0400CB36D9 /* DotsViewControllerExtension.swift in Sources */,
				E81FD12A29B1CBE3003273E3 /* HexagonButton.swift in Sources */,
				E8858CCC2994F6AC00E30828 /* EyesViewController.swift in Sources */,
				E831588E29981EE300BA51ED /* FontCell.swift in Sources */,
				E8EA9469299BA08300CB36D9 /* QRCodeColor.swift in Sources */,
				E831588C29981ED900BA51ED /* FontColorCell.swift in Sources */,
				E81FD12F29B1CBE3003273E3 /* QRContentViewControllerExtension.swift in Sources */,
				E8EA9477299C0D3400CB36D9 /* EyesViewControllerExtension.swift in Sources */,
				E8EA9473299C0C9F00CB36D9 /* ColorViewControllerExtension.swift in Sources */,
				E8C1715629A2B1C500183AB9 /* ImagePickerManager.swift in Sources */,
				E8EA946F299BA09800CB36D9 /* QRCodeText.swift in Sources */,
				E81FD0F429B0D12E003273E3 /* SettingsViewController.swift in Sources */,
				E8C1716E29A4072300183AB9 /* QRPreviewViewController.swift in Sources */,
				E8858CCA2994F6A300E30828 /* DotsViewController.swift in Sources */,
				E8858CC82994F69A00E30828 /* ColorViewController.swift in Sources */,
				E8C1716229A3A1FE00183AB9 /* HistoryViewController.swift in Sources */,
				E8858CCE2994F6BB00E30828 /* LogoViewController.swift in Sources */,
				E81FD12829B1CBE3003273E3 /* QRViewControllerExtension.swift in Sources */,
				E83158882997B1AC00BA51ED /* DotsCell.swift in Sources */,
				E8EA946D299BA09200CB36D9 /* QRCodeEyes.swift in Sources */,
				E8858CA92994F46B00E30828 /* SceneDelegate.swift in Sources */,
				E8C1716829A3DC7A00183AB9 /* UIImage.swift in Sources */,
				E81FD12929B1CBE3003273E3 /* UIColor.swift in Sources */,
				E81FD12B29B1CBE3003273E3 /* ImageSaver.swift in Sources */,
				E8EA947D299C0D9500CB36D9 /* TextViewControllerExtension.swift in Sources */,
				E8EA9484299CE28700CB36D9 /* QRCodeLogo.swift in Sources */,
				E81FD12E29B1CBE3003273E3 /* QRPreviewViewControllerExtension.swift in Sources */,
				E81FD12729B1CBE3003273E3 /* HistoryCell.swift in Sources */,
				E81FD13029B1CBE3003273E3 /* HistoryVIewControllerExtension.swift in Sources */,
				E8C1717229A4D0F600183AB9 /* LinearGradient.swift in Sources */,
				E8858CC02994F60D00E30828 /* QRViewController.swift in Sources */,
				E8858CD42994F80700E30828 /* ColorCell.swift in Sources */,
				E8858CD22994F6CC00E30828 /* TextViewController.swift in Sources */,
				E831588A299811D900BA51ED /* EyesCell.swift in Sources */,
				E8EA9471299BF71300CB36D9 /* RealmData.swift in Sources */,
				E8C1715829A2B6B100183AB9 /* ResultViewController.swift in Sources */,
			);
			runOnlyForDeploymentPostprocessing = 0;
		};
/* End PBXSourcesBuildPhase section */

/* Begin PBXVariantGroup section */
		E8858CB12994F46D00E30828 /* LaunchScreen.storyboard */ = {
			isa = PBXVariantGroup;
			children = (
				E8858CB22994F46D00E30828 /* Base */,
			);
			name = LaunchScreen.storyboard;
			sourceTree = "<group>";
		};
/* End PBXVariantGroup section */

/* Begin XCBuildConfiguration section */
		E8858CB52994F46D00E30828 /* Debug */ = {
			isa = XCBuildConfiguration;
			buildSettings = {
				ALWAYS_SEARCH_USER_PATHS = NO;
				CLANG_ANALYZER_NONNULL = YES;
				CLANG_ANALYZER_NUMBER_OBJECT_CONVERSION = YES_AGGRESSIVE;
				CLANG_CXX_LANGUAGE_STANDARD = "gnu++20";
				CLANG_ENABLE_MODULES = YES;
				CLANG_ENABLE_OBJC_ARC = YES;
				CLANG_ENABLE_OBJC_WEAK = YES;
				CLANG_WARN_BLOCK_CAPTURE_AUTORELEASING = YES;
				CLANG_WARN_BOOL_CONVERSION = YES;
				CLANG_WARN_COMMA = YES;
				CLANG_WARN_CONSTANT_CONVERSION = YES;
				CLANG_WARN_DEPRECATED_OBJC_IMPLEMENTATIONS = YES;
				CLANG_WARN_DIRECT_OBJC_ISA_USAGE = YES_ERROR;
				CLANG_WARN_DOCUMENTATION_COMMENTS = YES;
				CLANG_WARN_EMPTY_BODY = YES;
				CLANG_WARN_ENUM_CONVERSION = YES;
				CLANG_WARN_INFINITE_RECURSION = YES;
				CLANG_WARN_INT_CONVERSION = YES;
				CLANG_WARN_NON_LITERAL_NULL_CONVERSION = YES;
				CLANG_WARN_OBJC_IMPLICIT_RETAIN_SELF = YES;
				CLANG_WARN_OBJC_LITERAL_CONVERSION = YES;
				CLANG_WARN_OBJC_ROOT_CLASS = YES_ERROR;
				CLANG_WARN_QUOTED_INCLUDE_IN_FRAMEWORK_HEADER = YES;
				CLANG_WARN_RANGE_LOOP_ANALYSIS = YES;
				CLANG_WARN_STRICT_PROTOTYPES = YES;
				CLANG_WARN_SUSPICIOUS_MOVE = YES;
				CLANG_WARN_UNGUARDED_AVAILABILITY = YES_AGGRESSIVE;
				CLANG_WARN_UNREACHABLE_CODE = YES;
				CLANG_WARN__DUPLICATE_METHOD_MATCH = YES;
				COPY_PHASE_STRIP = NO;
				DEBUG_INFORMATION_FORMAT = dwarf;
				ENABLE_STRICT_OBJC_MSGSEND = YES;
				ENABLE_TESTABILITY = YES;
				GCC_C_LANGUAGE_STANDARD = gnu11;
				GCC_DYNAMIC_NO_PIC = NO;
				GCC_NO_COMMON_BLOCKS = YES;
				GCC_OPTIMIZATION_LEVEL = 0;
				GCC_PREPROCESSOR_DEFINITIONS = (
					"DEBUG=1",
					"$(inherited)",
				);
				GCC_WARN_64_TO_32_BIT_CONVERSION = YES;
				GCC_WARN_ABOUT_RETURN_TYPE = YES_ERROR;
				GCC_WARN_UNDECLARED_SELECTOR = YES;
				GCC_WARN_UNINITIALIZED_AUTOS = YES_AGGRESSIVE;
				GCC_WARN_UNUSED_FUNCTION = YES;
				GCC_WARN_UNUSED_VARIABLE = YES;
				IPHONEOS_DEPLOYMENT_TARGET = 16.2;
				MTL_ENABLE_DEBUG_INFO = INCLUDE_SOURCE;
				MTL_FAST_MATH = YES;
				ONLY_ACTIVE_ARCH = YES;
				SDKROOT = iphoneos;
				SWIFT_ACTIVE_COMPILATION_CONDITIONS = DEBUG;
				SWIFT_OPTIMIZATION_LEVEL = "-Onone";
			};
			name = Debug;
		};
		E8858CB62994F46D00E30828 /* Release */ = {
			isa = XCBuildConfiguration;
			buildSettings = {
				ALWAYS_SEARCH_USER_PATHS = NO;
				CLANG_ANALYZER_NONNULL = YES;
				CLANG_ANALYZER_NUMBER_OBJECT_CONVERSION = YES_AGGRESSIVE;
				CLANG_CXX_LANGUAGE_STANDARD = "gnu++20";
				CLANG_ENABLE_MODULES = YES;
				CLANG_ENABLE_OBJC_ARC = YES;
				CLANG_ENABLE_OBJC_WEAK = YES;
				CLANG_WARN_BLOCK_CAPTURE_AUTORELEASING = YES;
				CLANG_WARN_BOOL_CONVERSION = YES;
				CLANG_WARN_COMMA = YES;
				CLANG_WARN_CONSTANT_CONVERSION = YES;
				CLANG_WARN_DEPRECATED_OBJC_IMPLEMENTATIONS = YES;
				CLANG_WARN_DIRECT_OBJC_ISA_USAGE = YES_ERROR;
				CLANG_WARN_DOCUMENTATION_COMMENTS = YES;
				CLANG_WARN_EMPTY_BODY = YES;
				CLANG_WARN_ENUM_CONVERSION = YES;
				CLANG_WARN_INFINITE_RECURSION = YES;
				CLANG_WARN_INT_CONVERSION = YES;
				CLANG_WARN_NON_LITERAL_NULL_CONVERSION = YES;
				CLANG_WARN_OBJC_IMPLICIT_RETAIN_SELF = YES;
				CLANG_WARN_OBJC_LITERAL_CONVERSION = YES;
				CLANG_WARN_OBJC_ROOT_CLASS = YES_ERROR;
				CLANG_WARN_QUOTED_INCLUDE_IN_FRAMEWORK_HEADER = YES;
				CLANG_WARN_RANGE_LOOP_ANALYSIS = YES;
				CLANG_WARN_STRICT_PROTOTYPES = YES;
				CLANG_WARN_SUSPICIOUS_MOVE = YES;
				CLANG_WARN_UNGUARDED_AVAILABILITY = YES_AGGRESSIVE;
				CLANG_WARN_UNREACHABLE_CODE = YES;
				CLANG_WARN__DUPLICATE_METHOD_MATCH = YES;
				COPY_PHASE_STRIP = NO;
				DEBUG_INFORMATION_FORMAT = "dwarf-with-dsym";
				ENABLE_NS_ASSERTIONS = NO;
				ENABLE_STRICT_OBJC_MSGSEND = YES;
				GCC_C_LANGUAGE_STANDARD = gnu11;
				GCC_NO_COMMON_BLOCKS = YES;
				GCC_WARN_64_TO_32_BIT_CONVERSION = YES;
				GCC_WARN_ABOUT_RETURN_TYPE = YES_ERROR;
				GCC_WARN_UNDECLARED_SELECTOR = YES;
				GCC_WARN_UNINITIALIZED_AUTOS = YES_AGGRESSIVE;
				GCC_WARN_UNUSED_FUNCTION = YES;
				GCC_WARN_UNUSED_VARIABLE = YES;
				IPHONEOS_DEPLOYMENT_TARGET = 16.2;
				MTL_ENABLE_DEBUG_INFO = NO;
				MTL_FAST_MATH = YES;
				SDKROOT = iphoneos;
				SWIFT_COMPILATION_MODE = wholemodule;
				SWIFT_OPTIMIZATION_LEVEL = "-O";
				VALIDATE_PRODUCT = YES;
			};
			name = Release;
		};
		E8858CB82994F46D00E30828 /* Debug */ = {
			isa = XCBuildConfiguration;
			baseConfigurationReference = 67D5F8BD0EBCA818791FD941 /* Pods-qr-generator-app.debug.xcconfig */;
			buildSettings = {
				ASSETCATALOG_COMPILER_APPICON_NAME = AppIcon;
				ASSETCATALOG_COMPILER_GLOBAL_ACCENT_COLOR_NAME = AccentColor;
				CODE_SIGN_STYLE = Automatic;
				CURRENT_PROJECT_VERSION = 1;
				DEVELOPMENT_TEAM = 8XH76W839M;
				GENERATE_INFOPLIST_FILE = YES;
				INFOPLIST_FILE = "qr-generator-app/Resources/Info.plist";
				INFOPLIST_KEY_CFBundleDisplayName = "QR Generator";
				INFOPLIST_KEY_NSCameraUsageDescription = "This app requires access to the camera.";
				INFOPLIST_KEY_NSPhotoLibraryUsageDescription = "This app requires access to the photo library.";
				INFOPLIST_KEY_UIApplicationSupportsIndirectInputEvents = YES;
				INFOPLIST_KEY_UILaunchStoryboardName = LaunchScreen;
				INFOPLIST_KEY_UIMainStoryboardFile = "";
				INFOPLIST_KEY_UIStatusBarStyle = UIStatusBarStyleLightContent;
				INFOPLIST_KEY_UISupportedInterfaceOrientations = UIInterfaceOrientationPortrait;
				INFOPLIST_KEY_UIUserInterfaceStyle = Light;
				IPHONEOS_DEPLOYMENT_TARGET = 15.0;
				LD_RUNPATH_SEARCH_PATHS = (
					"$(inherited)",
					"@executable_path/Frameworks",
				);
				MARKETING_VERSION = 1.2;
				PRODUCT_BUNDLE_IDENTIFIER = "ios.clevtech.qr-generator-app";
				PRODUCT_NAME = "$(TARGET_NAME)";
				SUPPORTED_PLATFORMS = "iphoneos iphonesimulator";
				SUPPORTS_MACCATALYST = NO;
				SUPPORTS_MAC_DESIGNED_FOR_IPHONE_IPAD = NO;
				SWIFT_EMIT_LOC_STRINGS = YES;
				SWIFT_VERSION = 5.0;
				TARGETED_DEVICE_FAMILY = 1;
			};
			name = Debug;
		};
		E8858CB92994F46D00E30828 /* Release */ = {
			isa = XCBuildConfiguration;
			baseConfigurationReference = DA5A3DF0FA9FCD627FA6A741 /* Pods-qr-generator-app.release.xcconfig */;
			buildSettings = {
				ASSETCATALOG_COMPILER_APPICON_NAME = AppIcon;
				ASSETCATALOG_COMPILER_GLOBAL_ACCENT_COLOR_NAME = AccentColor;
				CODE_SIGN_STYLE = Automatic;
				CURRENT_PROJECT_VERSION = 1;
				DEVELOPMENT_TEAM = 8XH76W839M;
				GENERATE_INFOPLIST_FILE = YES;
				INFOPLIST_FILE = "qr-generator-app/Resources/Info.plist";
				INFOPLIST_KEY_CFBundleDisplayName = "QR Generator";
				INFOPLIST_KEY_NSCameraUsageDescription = "This app requires access to the camera.";
				INFOPLIST_KEY_NSPhotoLibraryUsageDescription = "This app requires access to the photo library.";
				INFOPLIST_KEY_UIApplicationSupportsIndirectInputEvents = YES;
				INFOPLIST_KEY_UILaunchStoryboardName = LaunchScreen;
				INFOPLIST_KEY_UIMainStoryboardFile = "";
				INFOPLIST_KEY_UIStatusBarStyle = UIStatusBarStyleLightContent;
				INFOPLIST_KEY_UISupportedInterfaceOrientations = UIInterfaceOrientationPortrait;
				INFOPLIST_KEY_UIUserInterfaceStyle = Light;
				IPHONEOS_DEPLOYMENT_TARGET = 15.0;
				LD_RUNPATH_SEARCH_PATHS = (
					"$(inherited)",
					"@executable_path/Frameworks",
				);
				MARKETING_VERSION = 1.2;
				PRODUCT_BUNDLE_IDENTIFIER = "ios.clevtech.qr-generator-app";
				PRODUCT_NAME = "$(TARGET_NAME)";
				SUPPORTED_PLATFORMS = "iphoneos iphonesimulator";
				SUPPORTS_MACCATALYST = NO;
				SUPPORTS_MAC_DESIGNED_FOR_IPHONE_IPAD = NO;
				SWIFT_EMIT_LOC_STRINGS = YES;
				SWIFT_VERSION = 5.0;
				TARGETED_DEVICE_FAMILY = 1;
			};
			name = Release;
		};
/* End XCBuildConfiguration section */

/* Begin XCConfigurationList section */
		E8858C9E2994F46B00E30828 /* Build configuration list for PBXProject "qr-generator-app" */ = {
			isa = XCConfigurationList;
			buildConfigurations = (
				E8858CB52994F46D00E30828 /* Debug */,
				E8858CB62994F46D00E30828 /* Release */,
			);
			defaultConfigurationIsVisible = 0;
			defaultConfigurationName = Release;
		};
		E8858CB72994F46D00E30828 /* Build configuration list for PBXNativeTarget "qr-generator-app" */ = {
			isa = XCConfigurationList;
			buildConfigurations = (
				E8858CB82994F46D00E30828 /* Debug */,
				E8858CB92994F46D00E30828 /* Release */,
			);
			defaultConfigurationIsVisible = 0;
			defaultConfigurationName = Release;
		};
/* End XCConfigurationList section */

/* Begin XCRemoteSwiftPackageReference section */
		E8315884299796CA00BA51ED /* XCRemoteSwiftPackageReference "QRCode" */ = {
			isa = XCRemoteSwiftPackageReference;
			repositoryURL = "https://github.com/dagronf/QRCode";
			requirement = {
				kind = revision;
				revision = f6bbb0788b6d5562d7c3204cc5115caa0df332c3;
			};
		};
/* End XCRemoteSwiftPackageReference section */

/* Begin XCSwiftPackageProductDependency section */
		E8315885299796CA00BA51ED /* QRCode */ = {
			isa = XCSwiftPackageProductDependency;
			package = E8315884299796CA00BA51ED /* XCRemoteSwiftPackageReference "QRCode" */;
			productName = QRCode;
		};
/* End XCSwiftPackageProductDependency section */
	};
	rootObject = E8858C9B2994F46B00E30828 /* Project object */;
}
